
Microsoft Visual Studio Solution File, Format Version 12.00
# Visual Studio Version 16
VisualStudioVersion = 16.0.31321.278
MinimumVisualStudioVersion = 10.0.40219.1
Project("{9A19103F-16F7-4668-BE54-9A1E7A4F7556}") = "BurgerBackend", "BurgerBackend\BurgerBackend.csproj", "{DFA9A4E5-2E0C-4959-9202-BF748601A34F}"
EndProject
Project("{FAE04EC0-301F-11D3-BF4B-00C04F79EFBC}") = "BurgerBackendTests", "BurgerBackendTests\BurgerBackendTests.csproj", "{881FA3C9-7144-454A-BD3B-37E5748ACF6A}"
EndProject
Global
	GlobalSection(SolutionConfigurationPlatforms) = preSolution
		Debug|Any CPU = Debug|Any CPU
		Release|Any CPU = Release|Any CPU
	EndGlobalSection
	GlobalSection(ProjectConfigurationPlatforms) = postSolution
		{DFA9A4E5-2E0C-4959-9202-BF748601A34F}.Debug|Any CPU.ActiveCfg = Debug|Any CPU
		{DFA9A4E5-2E0C-4959-9202-BF748601A34F}.Debug|Any CPU.Build.0 = Debug|Any CPU
		{DFA9A4E5-2E0C-4959-9202-BF748601A34F}.Release|Any CPU.ActiveCfg = Release|Any CPU
		{DFA9A4E5-2E0C-4959-9202-BF748601A34F}.Release|Any CPU.Build.0 = Release|Any CPU
		{881FA3C9-7144-454A-BD3B-37E5748ACF6A}.Debug|Any CPU.ActiveCfg = Debug|Any CPU
		{881FA3C9-7144-454A-BD3B-37E5748ACF6A}.Debug|Any CPU.Build.0 = Debug|Any CPU
		{881FA3C9-7144-454A-BD3B-37E5748ACF6A}.Release|Any CPU.ActiveCfg = Release|Any CPU
		{881FA3C9-7144-454A-BD3B-37E5748ACF6A}.Release|Any CPU.Build.0 = Release|Any CPU
	EndGlobalSection
	GlobalSection(SolutionProperties) = preSolution
		HideSolutionNode = FALSE
	EndGlobalSection
	GlobalSection(ExtensibilityGlobals) = postSolution
		SolutionGuid = {4F052DA9-F71B-49A3-871B-34E03C78B6FD}
	EndGlobalSection
EndGlobal
